
Microsoft Visual Studio Solution File, Format Version 12.00
# Visual Studio Version 17
VisualStudioVersion = 17.12.35514.174
MinimumVisualStudioVersion = 10.0.40219.1
Project("{2150E333-8FDC-42A3-9474-1A3956D46DE8}") = "src", "src", "{23782499-9DF3-41D4-910F-9195C028BCCC}"
EndProject
Project("{FAE04EC0-301F-11D3-BF4B-00C04F79EFBC}") = "wx.Api", "src\wx.Api\wx.Api.csproj", "{F2A42CCB-FA5C-4BF7-BA4B-9648AB39B1CF}"
EndProject
Project("{FAE04EC0-301F-11D3-BF4B-00C04F79EFBC}") = "wx.MiniApi", "src\wx.MiniApi\wx.MiniApi.csproj", "{971A32C2-E0FB-4433-8798-4E3FAF6D3C8F}"
EndProject
Project("{FAE04EC0-301F-11D3-BF4B-00C04F79EFBC}") = "wx.Core", "src\wx.Core\wx.Core.csproj", "{359B62F1-1016-45E1-9862-C0E14BA4E971}"
EndProject
Project("{FAE04EC0-301F-11D3-BF4B-00C04F79EFBC}") = "wx.Infrastructure", "src\wx.Infrastructure\wx.Infrastructure.csproj", "{1AB52713-8B71-405E-B68B-A1B78F90648F}"
EndProject
Project("{FAE04EC0-301F-11D3-BF4B-00C04F79EFBC}") = "wx.MiniApi-AOT", "src\wx.MiniApi-AOT\wx.MiniApi-AOT.csproj", "{D15C8598-9737-4417-8F46-757C28B28737}"
EndProject
Project("{FAE04EC0-301F-11D3-BF4B-00C04F79EFBC}") = "wx.Application", "src\wx.Application\wx.Application.csproj", "{E8FEDD97-4A9B-47EB-8DCF-41AD268DD3B1}"
EndProject
Project("{2150E333-8FDC-42A3-9474-1A3956D46DE8}") = "Solution Items", "Solution Items", "{0C04F1F8-B877-488B-B472-A4945A6B985F}"
	ProjectSection(SolutionItems) = preProject
		.editorconfig = .editorconfig
		.filenesting.json = .filenesting.json
		Directory.Packages.props = Directory.Packages.props
	EndProjectSection
EndProject
Project("{E53339B2-1760-4266-BCC7-CA923CBCF16C}") = "docker-compose", "docker-compose.dcproj", "{9AAB221B-2558-43AD-B1FE-F8BECCF2C948}"
EndProject
Global
	GlobalSection(SolutionConfigurationPlatforms) = preSolution
		Debug|Any CPU = Debug|Any CPU
		Release|Any CPU = Release|Any CPU
	EndGlobalSection
	GlobalSection(ProjectConfigurationPlatforms) = postSolution
		{F2A42CCB-FA5C-4BF7-BA4B-9648AB39B1CF}.Debug|Any CPU.ActiveCfg = Debug|Any CPU
		{F2A42CCB-FA5C-4BF7-BA4B-9648AB39B1CF}.Debug|Any CPU.Build.0 = Debug|Any CPU
		{F2A42CCB-FA5C-4BF7-BA4B-9648AB39B1CF}.Release|Any CPU.ActiveCfg = Release|Any CPU
		{F2A42CCB-FA5C-4BF7-BA4B-9648AB39B1CF}.Release|Any CPU.Build.0 = Release|Any CPU
		{971A32C2-E0FB-4433-8798-4E3FAF6D3C8F}.Debug|Any CPU.ActiveCfg = Debug|Any CPU
		{971A32C2-E0FB-4433-8798-4E3FAF6D3C8F}.Debug|Any CPU.Build.0 = Debug|Any CPU
		{971A32C2-E0FB-4433-8798-4E3FAF6D3C8F}.Release|Any CPU.ActiveCfg = Release|Any CPU
		{971A32C2-E0FB-4433-8798-4E3FAF6D3C8F}.Release|Any CPU.Build.0 = Release|Any CPU
		{359B62F1-1016-45E1-9862-C0E14BA4E971}.Debug|Any CPU.ActiveCfg = Debug|Any CPU
		{359B62F1-1016-45E1-9862-C0E14BA4E971}.Debug|Any CPU.Build.0 = Debug|Any CPU
		{359B62F1-1016-45E1-9862-C0E14BA4E971}.Release|Any CPU.ActiveCfg = Release|Any CPU
		{359B62F1-1016-45E1-9862-C0E14BA4E971}.Release|Any CPU.Build.0 = Release|Any CPU
		{1AB52713-8B71-405E-B68B-A1B78F90648F}.Debug|Any CPU.ActiveCfg = Debug|Any CPU
		{1AB52713-8B71-405E-B68B-A1B78F90648F}.Debug|Any CPU.Build.0 = Debug|Any CPU
		{1AB52713-8B71-405E-B68B-A1B78F90648F}.Release|Any CPU.ActiveCfg = Release|Any CPU
		{1AB52713-8B71-405E-B68B-A1B78F90648F}.Release|Any CPU.Build.0 = Release|Any CPU
		{D15C8598-9737-4417-8F46-757C28B28737}.Debug|Any CPU.ActiveCfg = Debug|Any CPU
		{D15C8598-9737-4417-8F46-757C28B28737}.Debug|Any CPU.Build.0 = Debug|Any CPU
		{D15C8598-9737-4417-8F46-757C28B28737}.Release|Any CPU.ActiveCfg = Release|Any CPU
		{D15C8598-9737-4417-8F46-757C28B28737}.Release|Any CPU.Build.0 = Release|Any CPU
		{E8FEDD97-4A9B-47EB-8DCF-41AD268DD3B1}.Debug|Any CPU.ActiveCfg = Debug|Any CPU
		{E8FEDD97-4A9B-47EB-8DCF-41AD268DD3B1}.Debug|Any CPU.Build.0 = Debug|Any CPU
		{E8FEDD97-4A9B-47EB-8DCF-41AD268DD3B1}.Release|Any CPU.ActiveCfg = Release|Any CPU
		{E8FEDD97-4A9B-47EB-8DCF-41AD268DD3B1}.Release|Any CPU.Build.0 = Release|Any CPU
		{9AAB221B-2558-43AD-B1FE-F8BECCF2C948}.Debug|Any CPU.ActiveCfg = Debug|Any CPU
		{9AAB221B-2558-43AD-B1FE-F8BECCF2C948}.Debug|Any CPU.Build.0 = Debug|Any CPU
		{9AAB221B-2558-43AD-B1FE-F8BECCF2C948}.Release|Any CPU.ActiveCfg = Release|Any CPU
		{9AAB221B-2558-43AD-B1FE-F8BECCF2C948}.Release|Any CPU.Build.0 = Release|Any CPU
	EndGlobalSection
	GlobalSection(SolutionProperties) = preSolution
		HideSolutionNode = FALSE
	EndGlobalSection
	GlobalSection(NestedProjects) = preSolution
		{F2A42CCB-FA5C-4BF7-BA4B-9648AB39B1CF} = {23782499-9DF3-41D4-910F-9195C028BCCC}
		{971A32C2-E0FB-4433-8798-4E3FAF6D3C8F} = {23782499-9DF3-41D4-910F-9195C028BCCC}
		{359B62F1-1016-45E1-9862-C0E14BA4E971} = {23782499-9DF3-41D4-910F-9195C028BCCC}
		{1AB52713-8B71-405E-B68B-A1B78F90648F} = {23782499-9DF3-41D4-910F-9195C028BCCC}
		{D15C8598-9737-4417-8F46-757C28B28737} = {23782499-9DF3-41D4-910F-9195C028BCCC}
		{E8FEDD97-4A9B-47EB-8DCF-41AD268DD3B1} = {23782499-9DF3-41D4-910F-9195C028BCCC}
	EndGlobalSection
EndGlobal
